
Microsoft Visual Studio Solution File, Format Version 12.00
# Visual Studio 15
VisualStudioVersion = 15.0.33026.149
MinimumVisualStudioVersion = 10.0.40219.1
Project("{FAE04EC0-301F-11D3-BF4B-00C04F79EFBC}") = "ClassLibrary1", "ClassLibrary1\ClassLibrary1.csproj", "{5E6285E5-9F5C-4F93-B6C5-5E9CBB8F8537}"
EndProject
Project("{FAE04EC0-301F-11D3-BF4B-00C04F79EFBC}") = "ConsoleApp1", "ConsoleApp1\ConsoleApp1.csproj", "{6C72397F-FA51-4DBA-AE8B-EC6B93C65F3B}"
EndProject
Global
	GlobalSection(SolutionConfigurationPlatforms) = preSolution
		Debug|Any CPU = Debug|Any CPU
		Release|Any CPU = Release|Any CPU
	EndGlobalSection
	GlobalSection(ProjectConfigurationPlatforms) = postSolution
		{5E6285E5-9F5C-4F93-B6C5-5E9CBB8F8537}.Debug|Any CPU.ActiveCfg = Debug|Any CPU
		{5E6285E5-9F5C-4F93-B6C5-5E9CBB8F8537}.Debug|Any CPU.Build.0 = Debug|Any CPU
		{5E6285E5-9F5C-4F93-B6C5-5E9CBB8F8537}.Release|Any CPU.ActiveCfg = Release|Any CPU
		{5E6285E5-9F5C-4F93-B6C5-5E9CBB8F8537}.Release|Any CPU.Build.0 = Release|Any CPU
		{6C72397F-FA51-4DBA-AE8B-EC6B93C65F3B}.Debug|Any CPU.ActiveCfg = Debug|Any CPU
		{6C72397F-FA51-4DBA-AE8B-EC6B93C65F3B}.Debug|Any CPU.Build.0 = Debug|Any CPU
		{6C72397F-FA51-4DBA-AE8B-EC6B93C65F3B}.Release|Any CPU.ActiveCfg = Release|Any CPU
		{6C72397F-FA51-4DBA-AE8B-EC6B93C65F3B}.Release|Any CPU.Build.0 = Release|Any CPU
	EndGlobalSection
	GlobalSection(SolutionProperties) = preSolution
		HideSolutionNode = FALSE
	EndGlobalSection
	GlobalSection(ExtensibilityGlobals) = postSolution
		SolutionGuid = {0BCC03BC-611F-4B82-A332-1F23E06FC316}
	EndGlobalSection
EndGlobal
